
Microsoft Visual Studio Solution File, Format Version 12.00
# Visual Studio Version 17
VisualStudioVersion = 17.0.31903.59
MinimumVisualStudioVersion = 10.0.40219.1
Project("{2150E333-8FDC-42A3-9474-1A3956D46DE8}") = "source", "source", "{92D4A304-6772-4482-83CC-68FDF54087C4}"
EndProject
Project("{9A19103F-16F7-4668-BE54-9A1E7A4F7556}") = "EasyWay", "source\EasyWay\EasyWay.csproj", "{69B00A38-F354-4B8E-BB84-D983F14D19B2}"
EndProject
Project("{2150E333-8FDC-42A3-9474-1A3956D46DE8}") = "samples", "samples", "{B403E9EE-655A-481E-889B-F292845AE5BF}"
EndProject
Project("{9A19103F-16F7-4668-BE54-9A1E7A4F7556}") = "EasyWay.Samples", "samples\EasyWay.Samples\EasyWay.Samples.csproj", "{4E5ED4D8-79A7-486D-B571-43D2C46A216E}"
EndProject
Project("{9A19103F-16F7-4668-BE54-9A1E7A4F7556}") = "EasyWay.EntityFrameworkCore", "source\EasyWay.EntityFrameworkCore\EasyWay.EntityFrameworkCore.csproj", "{DA7AFE7E-F191-4B3C-8A07-7789244F306C}"
EndProject
Project("{2150E333-8FDC-42A3-9474-1A3956D46DE8}") = "tests", "tests", "{AA2BD30D-EDA1-4DED-B94B-896F6A6666C3}"
EndProject
Project("{9A19103F-16F7-4668-BE54-9A1E7A4F7556}") = "EasyWay.Tests", "tests\EasyWay.Tests\EasyWay.Tests.csproj", "{CA7B1CA4-2576-4E40-8C89-1B2DC0F9B898}"
EndProject
Project("{E53339B2-1760-4266-BCC7-CA923CBCF16C}") = "easy-way-samples-compose", "samples\easy-way-samples-compose.dcproj", "{92E6AA1A-C91A-491E-B5FF-72ADAAEA8C80}"
EndProject
Project("{9A19103F-16F7-4668-BE54-9A1E7A4F7556}") = "EasyWay.WebApi", "source\EasyWay.WebApi\EasyWay.WebApi.csproj", "{39B268A4-26E1-4609-9228-845E836C26FC}"
EndProject
Project("{2150E333-8FDC-42A3-9474-1A3956D46DE8}") = "ModularMonolith", "ModularMonolith", "{6C166146-088F-411E-ADF9-1C411B5BE7EF}"
EndProject
Project("{9A19103F-16F7-4668-BE54-9A1E7A4F7556}") = "EasyWay.ModularMonolith", "samples\ModularMonolith\EasyWay.ModularMonolith\EasyWay.ModularMonolith.csproj", "{1A5FF5FF-599F-4A8E-BCE3-20B845EA70C7}"
EndProject
Project("{2150E333-8FDC-42A3-9474-1A3956D46DE8}") = "Modules", "Modules", "{8789C5BF-4961-4FDE-AD65-82514FC7554C}"
EndProject
Project("{2150E333-8FDC-42A3-9474-1A3956D46DE8}") = "Payments", "Payments", "{E1A8B028-DA55-4342-BD7C-718C68220E83}"
EndProject
Project("{9A19103F-16F7-4668-BE54-9A1E7A4F7556}") = "Payments.Domain", "samples\ModularMonolith\Modules\Payments\Payments.Domain\Payments.Domain.csproj", "{802EB98C-D05A-4DE6-86CA-DCDCCD2502CE}"
EndProject
Project("{9A19103F-16F7-4668-BE54-9A1E7A4F7556}") = "Payments.Application", "samples\ModularMonolith\Modules\Payments\Payments.Application\Payments.Application.csproj", "{BF13D306-1824-4281-990F-C656C4B571ED}"
EndProject
Project("{9A19103F-16F7-4668-BE54-9A1E7A4F7556}") = "Payments.Infrastructure", "samples\ModularMonolith\Modules\Payments\Payments.Infrastructure\Payments.Infrastructure.csproj", "{372D7437-AF4E-430E-9D4E-07F55CC41F82}"
EndProject
Project("{FAE04EC0-301F-11D3-BF4B-00C04F79EFBC}") = "EasyWay.Auth", "source\EasyWay.Auth\EasyWay.Auth.csproj", "{AE66C586-5C48-4A23-9186-63D90F0BC4A1}"
EndProject
Project("{FAE04EC0-301F-11D3-BF4B-00C04F79EFBC}") = "EasyWay.Auth.WebApi", "source\EasyWay.Auth.WebApi\EasyWay.Auth.WebApi.csproj", "{2CF71C5B-0A95-416A-AB6A-6DB3545DCCF5}"
EndProject
Project("{FAE04EC0-301F-11D3-BF4B-00C04F79EFBC}") = "EasyWay.AuthSamples", "samples\EasyWay.AuthSamples\EasyWay.AuthSamples.csproj", "{04307081-E971-4A1A-ACF2-D709EA7F8AD3}"
EndProject
Global
	GlobalSection(SolutionConfigurationPlatforms) = preSolution
		Debug|Any CPU = Debug|Any CPU
		Release|Any CPU = Release|Any CPU
	EndGlobalSection
	GlobalSection(ProjectConfigurationPlatforms) = postSolution
		{69B00A38-F354-4B8E-BB84-D983F14D19B2}.Debug|Any CPU.ActiveCfg = Debug|Any CPU
		{69B00A38-F354-4B8E-BB84-D983F14D19B2}.Debug|Any CPU.Build.0 = Debug|Any CPU
		{69B00A38-F354-4B8E-BB84-D983F14D19B2}.Release|Any CPU.ActiveCfg = Release|Any CPU
		{69B00A38-F354-4B8E-BB84-D983F14D19B2}.Release|Any CPU.Build.0 = Release|Any CPU
		{4E5ED4D8-79A7-486D-B571-43D2C46A216E}.Debug|Any CPU.ActiveCfg = Debug|Any CPU
		{4E5ED4D8-79A7-486D-B571-43D2C46A216E}.Debug|Any CPU.Build.0 = Debug|Any CPU
		{4E5ED4D8-79A7-486D-B571-43D2C46A216E}.Release|Any CPU.ActiveCfg = Release|Any CPU
		{4E5ED4D8-79A7-486D-B571-43D2C46A216E}.Release|Any CPU.Build.0 = Release|Any CPU
		{DA7AFE7E-F191-4B3C-8A07-7789244F306C}.Debug|Any CPU.ActiveCfg = Debug|Any CPU
		{DA7AFE7E-F191-4B3C-8A07-7789244F306C}.Debug|Any CPU.Build.0 = Debug|Any CPU
		{DA7AFE7E-F191-4B3C-8A07-7789244F306C}.Release|Any CPU.ActiveCfg = Release|Any CPU
		{DA7AFE7E-F191-4B3C-8A07-7789244F306C}.Release|Any CPU.Build.0 = Release|Any CPU
		{CA7B1CA4-2576-4E40-8C89-1B2DC0F9B898}.Debug|Any CPU.ActiveCfg = Debug|Any CPU
		{CA7B1CA4-2576-4E40-8C89-1B2DC0F9B898}.Debug|Any CPU.Build.0 = Debug|Any CPU
		{CA7B1CA4-2576-4E40-8C89-1B2DC0F9B898}.Release|Any CPU.ActiveCfg = Release|Any CPU
		{CA7B1CA4-2576-4E40-8C89-1B2DC0F9B898}.Release|Any CPU.Build.0 = Release|Any CPU
		{92E6AA1A-C91A-491E-B5FF-72ADAAEA8C80}.Debug|Any CPU.ActiveCfg = Debug|Any CPU
		{92E6AA1A-C91A-491E-B5FF-72ADAAEA8C80}.Debug|Any CPU.Build.0 = Debug|Any CPU
		{92E6AA1A-C91A-491E-B5FF-72ADAAEA8C80}.Release|Any CPU.ActiveCfg = Release|Any CPU
		{92E6AA1A-C91A-491E-B5FF-72ADAAEA8C80}.Release|Any CPU.Build.0 = Release|Any CPU
		{39B268A4-26E1-4609-9228-845E836C26FC}.Debug|Any CPU.ActiveCfg = Debug|Any CPU
		{39B268A4-26E1-4609-9228-845E836C26FC}.Debug|Any CPU.Build.0 = Debug|Any CPU
		{39B268A4-26E1-4609-9228-845E836C26FC}.Release|Any CPU.ActiveCfg = Release|Any CPU
		{39B268A4-26E1-4609-9228-845E836C26FC}.Release|Any CPU.Build.0 = Release|Any CPU
		{1A5FF5FF-599F-4A8E-BCE3-20B845EA70C7}.Debug|Any CPU.ActiveCfg = Debug|Any CPU
		{1A5FF5FF-599F-4A8E-BCE3-20B845EA70C7}.Debug|Any CPU.Build.0 = Debug|Any CPU
		{1A5FF5FF-599F-4A8E-BCE3-20B845EA70C7}.Release|Any CPU.ActiveCfg = Release|Any CPU
		{1A5FF5FF-599F-4A8E-BCE3-20B845EA70C7}.Release|Any CPU.Build.0 = Release|Any CPU
		{802EB98C-D05A-4DE6-86CA-DCDCCD2502CE}.Debug|Any CPU.ActiveCfg = Debug|Any CPU
		{802EB98C-D05A-4DE6-86CA-DCDCCD2502CE}.Debug|Any CPU.Build.0 = Debug|Any CPU
		{802EB98C-D05A-4DE6-86CA-DCDCCD2502CE}.Release|Any CPU.ActiveCfg = Release|Any CPU
		{802EB98C-D05A-4DE6-86CA-DCDCCD2502CE}.Release|Any CPU.Build.0 = Release|Any CPU
		{BF13D306-1824-4281-990F-C656C4B571ED}.Debug|Any CPU.ActiveCfg = Debug|Any CPU
		{BF13D306-1824-4281-990F-C656C4B571ED}.Debug|Any CPU.Build.0 = Debug|Any CPU
		{BF13D306-1824-4281-990F-C656C4B571ED}.Release|Any CPU.ActiveCfg = Release|Any CPU
		{BF13D306-1824-4281-990F-C656C4B571ED}.Release|Any CPU.Build.0 = Release|Any CPU
		{372D7437-AF4E-430E-9D4E-07F55CC41F82}.Debug|Any CPU.ActiveCfg = Debug|Any CPU
		{372D7437-AF4E-430E-9D4E-07F55CC41F82}.Debug|Any CPU.Build.0 = Debug|Any CPU
		{372D7437-AF4E-430E-9D4E-07F55CC41F82}.Release|Any CPU.ActiveCfg = Release|Any CPU
		{372D7437-AF4E-430E-9D4E-07F55CC41F82}.Release|Any CPU.Build.0 = Release|Any CPU
		{AE66C586-5C48-4A23-9186-63D90F0BC4A1}.Debug|Any CPU.ActiveCfg = Debug|Any CPU
		{AE66C586-5C48-4A23-9186-63D90F0BC4A1}.Debug|Any CPU.Build.0 = Debug|Any CPU
		{AE66C586-5C48-4A23-9186-63D90F0BC4A1}.Release|Any CPU.ActiveCfg = Release|Any CPU
		{AE66C586-5C48-4A23-9186-63D90F0BC4A1}.Release|Any CPU.Build.0 = Release|Any CPU
		{2CF71C5B-0A95-416A-AB6A-6DB3545DCCF5}.Debug|Any CPU.ActiveCfg = Debug|Any CPU
		{2CF71C5B-0A95-416A-AB6A-6DB3545DCCF5}.Debug|Any CPU.Build.0 = Debug|Any CPU
		{2CF71C5B-0A95-416A-AB6A-6DB3545DCCF5}.Release|Any CPU.ActiveCfg = Release|Any CPU
		{2CF71C5B-0A95-416A-AB6A-6DB3545DCCF5}.Release|Any CPU.Build.0 = Release|Any CPU
		{04307081-E971-4A1A-ACF2-D709EA7F8AD3}.Debug|Any CPU.ActiveCfg = Debug|Any CPU
		{04307081-E971-4A1A-ACF2-D709EA7F8AD3}.Debug|Any CPU.Build.0 = Debug|Any CPU
		{04307081-E971-4A1A-ACF2-D709EA7F8AD3}.Release|Any CPU.ActiveCfg = Release|Any CPU
		{04307081-E971-4A1A-ACF2-D709EA7F8AD3}.Release|Any CPU.Build.0 = Release|Any CPU
	EndGlobalSection
	GlobalSection(SolutionProperties) = preSolution
		HideSolutionNode = FALSE
	EndGlobalSection
	GlobalSection(NestedProjects) = preSolution
		{69B00A38-F354-4B8E-BB84-D983F14D19B2} = {92D4A304-6772-4482-83CC-68FDF54087C4}
		{4E5ED4D8-79A7-486D-B571-43D2C46A216E} = {B403E9EE-655A-481E-889B-F292845AE5BF}
		{DA7AFE7E-F191-4B3C-8A07-7789244F306C} = {92D4A304-6772-4482-83CC-68FDF54087C4}
		{CA7B1CA4-2576-4E40-8C89-1B2DC0F9B898} = {AA2BD30D-EDA1-4DED-B94B-896F6A6666C3}
		{92E6AA1A-C91A-491E-B5FF-72ADAAEA8C80} = {B403E9EE-655A-481E-889B-F292845AE5BF}
		{39B268A4-26E1-4609-9228-845E836C26FC} = {92D4A304-6772-4482-83CC-68FDF54087C4}
		{6C166146-088F-411E-ADF9-1C411B5BE7EF} = {B403E9EE-655A-481E-889B-F292845AE5BF}
		{1A5FF5FF-599F-4A8E-BCE3-20B845EA70C7} = {6C166146-088F-411E-ADF9-1C411B5BE7EF}
		{8789C5BF-4961-4FDE-AD65-82514FC7554C} = {6C166146-088F-411E-ADF9-1C411B5BE7EF}
		{E1A8B028-DA55-4342-BD7C-718C68220E83} = {8789C5BF-4961-4FDE-AD65-82514FC7554C}
		{802EB98C-D05A-4DE6-86CA-DCDCCD2502CE} = {E1A8B028-DA55-4342-BD7C-718C68220E83}
		{BF13D306-1824-4281-990F-C656C4B571ED} = {E1A8B028-DA55-4342-BD7C-718C68220E83}
		{372D7437-AF4E-430E-9D4E-07F55CC41F82} = {E1A8B028-DA55-4342-BD7C-718C68220E83}
		{AE66C586-5C48-4A23-9186-63D90F0BC4A1} = {92D4A304-6772-4482-83CC-68FDF54087C4}
		{2CF71C5B-0A95-416A-AB6A-6DB3545DCCF5} = {92D4A304-6772-4482-83CC-68FDF54087C4}
		{04307081-E971-4A1A-ACF2-D709EA7F8AD3} = {B403E9EE-655A-481E-889B-F292845AE5BF}
	EndGlobalSection
	GlobalSection(ExtensibilityGlobals) = postSolution
		SolutionGuid = {45C12B7C-F737-4C98-B967-CCB84BFB9080}
	EndGlobalSection
EndGlobal
